<?xml version="1.0" encoding="utf-8"?>
<Project ToolsVersion="4.0" xmlns="http://schemas.microsoft.com/developer/msbuild/2003">
  <ItemGroup>
    <Filter Include="Source Files">
      <UniqueIdentifier>{4FC737F1-C7A5-4376-A066-2A32D752A2FF}</UniqueIdentifier>
      <Extensions>cpp;c;cc;cxx;def;odl;idl;hpj;bat;asm;asmx</Extensions>
    </Filter>
    <Filter Include="Header Files">
      <UniqueIdentifier>{93995380-89BD-4b04-88EB-625FBE52EBFB}</UniqueIdentifier>
      <Extensions>h;hh;hpp;hxx;hm;inl;inc;xsd</Extensions>
    </Filter>
    <Filter Include="Resource Files">
      <UniqueIdentifier>{67DA6AB6-F800-4c08-8B7A-83BB121AAD01}</UniqueIdentifier>
      <Extensions>rc;ico;cur;bmp;dlg;rc2;rct;bin;rgs;gif;jpg;jpeg;jpe;resx;tiff;tif;png;wav;mfcribbon-ms</Extensions>
    </Filter>
    <Filter Include="Alglib">
      <UniqueIdentifier>{8c194c51-8178-44f7-a0eb-28b4aa8726bd}</UniqueIdentifier>
    </Filter>
  </ItemGroup>
  <ItemGroup>
    <ClInclude Include="stdafx.h">
      <Filter>Header Files</Filter>
    </ClInclude>
    <ClInclude Include="targetver.h">
      <Filter>Header Files</Filter>
    </ClInclude>
    <ClInclude Include="alglib\src\alglibinternal.h">
      <Filter>Alglib</Filter>
    </ClInclude>
    <ClInclude Include="alglib\src\alglibmisc.h">
      <Filter>Alglib</Filter>
    </ClInclude>
    <ClInclude Include="alglib\src\ap.h">
      <Filter>Alglib</Filter>
    </ClInclude>
    <ClInclude Include="alglib\src\dataanalysis.h">
      <Filter>Alglib</Filter>
    </ClInclude>
    <ClInclude Include="alglib\src\diffequations.h">
      <Filter>Alglib</Filter>
    </ClInclude>
    <ClInclude Include="alglib\src\fasttransforms.h">
      <Filter>Alglib</Filter>
    </ClInclude>
    <ClInclude Include="alglib\src\integration.h">
      <Filter>Alglib</Filter>
    </ClInclude>
    <ClInclude Include="alglib\src\interpolation.h">
      <Filter>Alglib</Filter>
    </ClInclude>
    <ClInclude Include="alglib\src\linalg.h">
      <Filter>Alglib</Filter>
    </ClInclude>
    <ClInclude Include="alglib\src\optimization.h">
      <Filter>Alglib</Filter>
    </ClInclude>
    <ClInclude Include="alglib\src\solvers.h">
      <Filter>Alglib</Filter>
    </ClInclude>
    <ClInclude Include="alglib\src\specialfunctions.h">
      <Filter>Alglib</Filter>
    </ClInclude>
    <ClInclude Include="alglib\src\statistics.h">
      <Filter>Alglib</Filter>
    </ClInclude>
    <ClInclude Include="alglib\src\stdafx.h">
      <Filter>Alglib</Filter>
    </ClInclude>
    <ClInclude Include="filltexture.h">
      <Filter>Header Files</Filter>
    </ClInclude>
  </ItemGroup>
  <ItemGroup>
    <ClCompile Include="stdafx.cpp">
      <Filter>Source Files</Filter>
    </ClCompile>
    <ClCompile Include="filltexture.cpp">
      <Filter>Source Files</Filter>
    </ClCompile>
    <ClCompile Include="alglib\src\alglibinternal.cpp">
      <Filter>Alglib</Filter>
    </ClCompile>
    <ClCompile Include="alglib\src\alglibmisc.cpp">
      <Filter>Alglib</Filter>
    </ClCompile>
    <ClCompile Include="alglib\src\ap.cpp">
      <Filter>Alglib</Filter>
    </ClCompile>
    <ClCompile Include="alglib\src\dataanalysis.cpp">
      <Filter>Alglib</Filter>
    </ClCompile>
    <ClCompile Include="alglib\src\diffequations.cpp">
      <Filter>Alglib</Filter>
    </ClCompile>
    <ClCompile Include="alglib\src\fasttransforms.cpp">
      <Filter>Alglib</Filter>
    </ClCompile>
    <ClCompile Include="alglib\src\integration.cpp">
      <Filter>Alglib</Filter>
    </ClCompile>
    <ClCompile Include="alglib\src\interpolation.cpp">
      <Filter>Alglib</Filter>
    </ClCompile>
    <ClCompile Include="alglib\src\linalg.cpp">
      <Filter>Alglib</Filter>
    </ClCompile>
    <ClCompile Include="alglib\src\optimization.cpp">
      <Filter>Alglib</Filter>
    </ClCompile>
    <ClCompile Include="alglib\src\solvers.cpp">
      <Filter>Alglib</Filter>
    </ClCompile>
    <ClCompile Include="alglib\src\specialfunctions.cpp">
      <Filter>Alglib</Filter>
    </ClCompile>
    <ClCompile Include="alglib\src\statistics.cpp">
      <Filter>Alglib</Filter>
    </ClCompile>
    <ClCompile Include="main.cpp">
      <Filter>Source Files</Filter>
    </ClCompile>
  </ItemGroup>
</Project>